
Microsoft Visual Studio Solution File, Format Version 12.00
# Visual Studio Version 16
VisualStudioVersion = 16.0.28516.95
MinimumVisualStudioVersion = 10.0.40219.1
Project("{FAE04EC0-301F-11D3-BF4B-00C04F79EFBC}") = "XpTracker.Backend.RestApi", "XpTracker.Backend.RestApi\XpTracker.Backend.RestApi.csproj", "{0193B483-50C7-44CB-B160-B76CAAC8C2FD}"
EndProject
Global
	GlobalSection(SolutionConfigurationPlatforms) = preSolution
		Debug|Any CPU = Debug|Any CPU
		Release|Any CPU = Release|Any CPU
	EndGlobalSection
	GlobalSection(ProjectConfigurationPlatforms) = postSolution
		{0193B483-50C7-44CB-B160-B76CAAC8C2FD}.Debug|Any CPU.ActiveCfg = Debug|Any CPU
		{0193B483-50C7-44CB-B160-B76CAAC8C2FD}.Debug|Any CPU.Build.0 = Debug|Any CPU
		{0193B483-50C7-44CB-B160-B76CAAC8C2FD}.Release|Any CPU.ActiveCfg = Release|Any CPU
		{0193B483-50C7-44CB-B160-B76CAAC8C2FD}.Release|Any CPU.Build.0 = Release|Any CPU
	EndGlobalSection
	GlobalSection(SolutionProperties) = preSolution
		HideSolutionNode = FALSE
	EndGlobalSection
	GlobalSection(ExtensibilityGlobals) = postSolution
		SolutionGuid = {23192A8C-A3BD-47EB-A498-9F043F3AECC4}
	EndGlobalSection
EndGlobal
